PODS:
  - Capacitor (4.8.1):
    - CapacitorCordova
  - CapacitorCamera (4.1.5):
    - Capacitor
  - CapacitorCordova (4.8.1)
  - CapacitorGleapPlugin (13.1.0):
    - Capacitor
    - Gleap (= 13.1.0)
  - CapacitorSplashScreen (4.2.0):
    - Capacitor
  - Gleap (13.1.0)

DEPENDENCIES:
  - "Capacitor (from `../../node_modules/@capacitor/ios`)"
  - "CapacitorCamera (from `../../node_modules/@capacitor/camera`)"
  - "CapacitorCordova (from `../../node_modules/@capacitor/ios`)"
  - CapacitorGleapPlugin (from `../../..`)
  - "CapacitorSplashScreen (from `../../node_modules/@capacitor/splash-screen`)"

SPEC REPOS:
  trunk:
    - Gleap

EXTERNAL SOURCES:
  Capacitor:
    :path: "../../node_modules/@capacitor/ios"
  CapacitorCamera:
    :path: "../../node_modules/@capacitor/camera"
  CapacitorCordova:
    :path: "../../node_modules/@capacitor/ios"
  CapacitorGleapPlugin:
    :path: "../../.."
  CapacitorSplashScreen:
    :path: "../../node_modules/@capacitor/splash-screen"

SPEC CHECKSUMS:
  Capacitor: 308aae8142159bfe8ec799fe2bca2342929d7cd9
  CapacitorCamera: 6f0777dbc5b9fbb59852567ba9ac3b0da2e4ee8f
  CapacitorCordova: 99ca4a6de99c9719a440b4534e4496d284c37503
  CapacitorGleapPlugin: 5ab31a0af9e65b65e99c62a3b4aea8408c67df57
  CapacitorSplashScreen: 6b1c832e6f822ad1ef05073dc31dfeca02bc03a3
  Gleap: 954c2d1dc5726c8ea13f8da5b848eb521ae416f7

PODFILE CHECKSUM: 0d736eece0df97d890ce934dc764ff47c95f27f5

COCOAPODS: 1.14.3
