PODS:
  - Capacitor (7.2.0):
    - CapacitorCordova
  - CapacitorCamera (7.0.1):
    - Capacitor
  - CapacitorCordova (7.2.0)
  - CapacitorGleapPlugin (14.5.0):
    - Capacitor
    - Gleap (= 14.5.0)
  - CapacitorSplashScreen (7.0.1):
    - Capacitor
  - Gleap (14.5.0)

DEPENDENCIES:
  - "Capacitor (from `../../node_modules/@capacitor/ios`)"
  - "CapacitorCamera (from `../../node_modules/@capacitor/camera`)"
  - "CapacitorCordova (from `../../node_modules/@capacitor/ios`)"
  - CapacitorGleapPlugin (from `../../..`)
  - "CapacitorSplashScreen (from `../../node_modules/@capacitor/splash-screen`)"

SPEC REPOS:
  trunk:
    - Gleap

EXTERNAL SOURCES:
  Capacitor:
    :path: "../../node_modules/@capacitor/ios"
  CapacitorCamera:
    :path: "../../node_modules/@capacitor/camera"
  CapacitorCordova:
    :path: "../../node_modules/@capacitor/ios"
  CapacitorGleapPlugin:
    :path: "../../.."
  CapacitorSplashScreen:
    :path: "../../node_modules/@capacitor/splash-screen"

SPEC CHECKSUMS:
  Capacitor: 106e7a4205f4618d582b886a975657c61179138d
  CapacitorCamera: eb8687d8687fed853598ec9460d94bcd5e16babe
  CapacitorCordova: 5967b9ba03915ef1d585469d6e31f31dc49be96f
  CapacitorGleapPlugin: 9f8ee4c7d71a02d04766ee549723e513890a7f8c
  CapacitorSplashScreen: 19cd3573e57507e02d6f34597a8c421e00931487
  Gleap: d6fdda16ef1b54a758a45e77977152d1d62d9dfd

PODFILE CHECKSUM: 6c99ceb3a7b0ee3a37e2d7dcbba2ebef2b70241b

COCOAPODS: 1.16.2
