PODS:
  - Capacitor (3.3.1):
    - CapacitorCordova
  - CapacitorCordova (3.3.1)
  - Gleap (7.0.2)

DEPENDENCIES:
  - "Capacitor (from `../node_modules/@capacitor/ios`)"
  - "CapacitorCordova (from `../node_modules/@capacitor/ios`)"
  - Gleap (>= 7.0.2)

SPEC REPOS:
  trunk:
    - Gleap

EXTERNAL SOURCES:
  Capacitor:
    :path: "../node_modules/@capacitor/ios"
  CapacitorCordova:
    :path: "../node_modules/@capacitor/ios"

SPEC CHECKSUMS:
  Capacitor: 03a45821c64411719140ba9fb39a895d026e597c
  CapacitorCordova: 6c6127c6ee31a7a808705bf4ac17fb5f80ed63f6
  Gleap: a1e94eb14511b9dec103d4a5ee734c01a6f6e821

PODFILE CHECKSUM: 3b81e283dd55300d26845c840b45c69bd93146bb

COCOAPODS: 1.11.3
