PODS:
  - Capacitor (3.3.1):
    - CapacitorCordova
  - CapacitorCordova (3.3.1)
  - Gleap (6.4.5)

DEPENDENCIES:
  - "Capacitor (from `../node_modules/@capacitor/ios`)"
  - "CapacitorCordova (from `../node_modules/@capacitor/ios`)"
  - Gleap (>= 6.4.4)

SPEC REPOS:
  trunk:
    - Gleap

EXTERNAL SOURCES:
  Capacitor:
    :path: "../node_modules/@capacitor/ios"
  CapacitorCordova:
    :path: "../node_modules/@capacitor/ios"

SPEC CHECKSUMS:
  Capacitor: 03a45821c64411719140ba9fb39a895d026e597c
  CapacitorCordova: 6c6127c6ee31a7a808705bf4ac17fb5f80ed63f6
  Gleap: 99c2922d6695c2c4981ae94d599084ccd55a7b79

PODFILE CHECKSUM: efa62bc7cc6e3e34ee9dc5f978dcdd10423ed47c

COCOAPODS: 1.11.2
